// !$*UTF8*$!
{
	archiveVersion = 1;
	classes = {
	};
	objectVersion = 50;
	objects = {

/* Begin PBXBuildFile section */
		D89BCF1424B2F8C60021129D /* CircularArrayRotation.m in Sources */ = {isa = PBXBuildFile; fileRef = D89BCF1324B2F8C60021129D /* CircularArrayRotation.m */; };
		D89BCF1A24B2FEF60021129D /* CircularArrayRotationTests.m in Sources */ = {isa = PBXBuildFile; fileRef = D89BCF1924B2FEF60021129D /* CircularArrayRotationTests.m */; };
		D89BCF1B24B300150021129D /* CircularArrayRotation.m in Sources */ = {isa = PBXBuildFile; fileRef = D89BCF1324B2F8C60021129D /* CircularArrayRotation.m */; };
		D8A5E7C324AE5898001C7D25 /* main.m in Sources */ = {isa = PBXBuildFile; fileRef = D8A5E7C224AE5898001C7D25 /* main.m */; };
		D8A5E7D024AE58AC001C7D25 /* HackerRankTests.m in Sources */ = {isa = PBXBuildFile; fileRef = D8A5E7CF24AE58AC001C7D25 /* HackerRankTests.m */; };
		D8A5E7E624AE5901001C7D25 /* TeamFormation.m in Sources */ = {isa = PBXBuildFile; fileRef = D8A5E7D824AE5901001C7D25 /* TeamFormation.m */; };
		D8A5E7E724AE5901001C7D25 /* BirthdayCakeCandles.m in Sources */ = {isa = PBXBuildFile; fileRef = D8A5E7DB24AE5901001C7D25 /* BirthdayCakeCandles.m */; };
		D8A5E7E824AE5901001C7D25 /* TimeConversion.m in Sources */ = {isa = PBXBuildFile; fileRef = D8A5E7DF24AE5901001C7D25 /* TimeConversion.m */; };
		D8A5E7E924AE5901001C7D25 /* Staircase.m in Sources */ = {isa = PBXBuildFile; fileRef = D8A5E7E124AE5901001C7D25 /* Staircase.m */; };
		D8A5E7EA24AE5901001C7D25 /* MinMaxSum.m in Sources */ = {isa = PBXBuildFile; fileRef = D8A5E7E424AE5901001C7D25 /* MinMaxSum.m */; };
		D8A5E7F424AE5914001C7D25 /* StaircaseTests.m in Sources */ = {isa = PBXBuildFile; fileRef = D8A5E7EF24AE5914001C7D25 /* StaircaseTests.m */; };
		D8A5E7F524AE5914001C7D25 /* MinMaxSumTests.m in Sources */ = {isa = PBXBuildFile; fileRef = D8A5E7F024AE5914001C7D25 /* MinMaxSumTests.m */; };
		D8A5E7F624AE5914001C7D25 /* TimeConversionTests.m in Sources */ = {isa = PBXBuildFile; fileRef = D8A5E7F124AE5914001C7D25 /* TimeConversionTests.m */; };
		D8A5E7F724AE5914001C7D25 /* BirthdayCakeCandlesTests.m in Sources */ = {isa = PBXBuildFile; fileRef = D8A5E7F224AE5914001C7D25 /* BirthdayCakeCandlesTests.m */; };
		D8A5E7F824AE5934001C7D25 /* BirthdayCakeCandles.m in Sources */ = {isa = PBXBuildFile; fileRef = D8A5E7DB24AE5901001C7D25 /* BirthdayCakeCandles.m */; };
		D8A5E7F924AE593A001C7D25 /* TimeConversion.m in Sources */ = {isa = PBXBuildFile; fileRef = D8A5E7DF24AE5901001C7D25 /* TimeConversion.m */; };
		D8A5E7FA24AE593F001C7D25 /* Staircase.m in Sources */ = {isa = PBXBuildFile; fileRef = D8A5E7E124AE5901001C7D25 /* Staircase.m */; };
		D8A5E7FB24AE5942001C7D25 /* MinMaxSum.m in Sources */ = {isa = PBXBuildFile; fileRef = D8A5E7E424AE5901001C7D25 /* MinMaxSum.m */; };
		D8A5E7FC24AE5947001C7D25 /* TeamFormation.m in Sources */ = {isa = PBXBuildFile; fileRef = D8A5E7D824AE5901001C7D25 /* TeamFormation.m */; };
		D8A5E7FE24AE5B80001C7D25 /* TeamFormationTests.m in Sources */ = {isa = PBXBuildFile; fileRef = D8A5E7FD24AE5B80001C7D25 /* TeamFormationTests.m */; };
/* End PBXBuildFile section */

/* Begin PBXCopyFilesBuildPhase section */
		D8A5E7BD24AE5898001C7D25 /* CopyFiles */ = {
			isa = PBXCopyFilesBuildPhase;
			buildActionMask = 2147483647;
			dstPath = /usr/share/man/man1/;
			dstSubfolderSpec = 0;
			files = (
			);
			runOnlyForDeploymentPostprocessing = 1;
		};
/* End PBXCopyFilesBuildPhase section */

/* Begin PBXFileReference section */
		D89BCF1224B2F8C60021129D /* CircularArrayRotation.h */ = {isa = PBXFileReference; lastKnownFileType = sourcecode.c.h; path = CircularArrayRotation.h; sourceTree = "<group>"; };
		D89BCF1324B2F8C60021129D /* CircularArrayRotation.m */ = {isa = PBXFileReference; lastKnownFileType = sourcecode.c.objc; path = CircularArrayRotation.m; sourceTree = "<group>"; };
		D89BCF1924B2FEF60021129D /* CircularArrayRotationTests.m */ = {isa = PBXFileReference; lastKnownFileType = sourcecode.c.objc; path = CircularArrayRotationTests.m; sourceTree = "<group>"; };
		D8A5E7BF24AE5898001C7D25 /* HackerRank */ = {isa = PBXFileReference; explicitFileType = "compiled.mach-o.executable"; includeInIndex = 0; path = HackerRank; sourceTree = BUILT_PRODUCTS_DIR; };
		D8A5E7C224AE5898001C7D25 /* main.m */ = {isa = PBXFileReference; lastKnownFileType = sourcecode.c.objc; path = main.m; sourceTree = "<group>"; };
		D8A5E7CD24AE58AC001C7D25 /* HackerRankTests.xctest */ = {isa = PBXFileReference; explicitFileType = wrapper.cfbundle; includeInIndex = 0; path = HackerRankTests.xctest; sourceTree = BUILT_PRODUCTS_DIR; };
		D8A5E7CF24AE58AC001C7D25 /* HackerRankTests.m */ = {isa = PBXFileReference; lastKnownFileType = sourcecode.c.objc; path = HackerRankTests.m; sourceTree = "<group>"; };
		D8A5E7D124AE58AC001C7D25 /* Info.plist */ = {isa = PBXFileReference; lastKnownFileType = text.plist.xml; path = Info.plist; sourceTree = "<group>"; };
		D8A5E7D724AE5901001C7D25 /* TeamFormation.h */ = {isa = PBXFileReference; fileEncoding = 4; lastKnownFileType = sourcecode.c.h; path = TeamFormation.h; sourceTree = "<group>"; };
		D8A5E7D824AE5901001C7D25 /* TeamFormation.m */ = {isa = PBXFileReference; fileEncoding = 4; lastKnownFileType = sourcecode.c.objc; path = TeamFormation.m; sourceTree = "<group>"; };
		D8A5E7DB24AE5901001C7D25 /* BirthdayCakeCandles.m */ = {isa = PBXFileReference; fileEncoding = 4; lastKnownFileType = sourcecode.c.objc; path = BirthdayCakeCandles.m; sourceTree = "<group>"; };
		D8A5E7DC24AE5901001C7D25 /* BirthdayCakeCandles.h */ = {isa = PBXFileReference; fileEncoding = 4; lastKnownFileType = sourcecode.c.h; path = BirthdayCakeCandles.h; sourceTree = "<group>"; };
		D8A5E7DE24AE5901001C7D25 /* TimeConversion.h */ = {isa = PBXFileReference; fileEncoding = 4; lastKnownFileType = sourcecode.c.h; path = TimeConversion.h; sourceTree = "<group>"; };
		D8A5E7DF24AE5901001C7D25 /* TimeConversion.m */ = {isa = PBXFileReference; fileEncoding = 4; lastKnownFileType = sourcecode.c.objc; path = TimeConversion.m; sourceTree = "<group>"; };
		D8A5E7E124AE5901001C7D25 /* Staircase.m */ = {isa = PBXFileReference; fileEncoding = 4; lastKnownFileType = sourcecode.c.objc; path = Staircase.m; sourceTree = "<group>"; };
		D8A5E7E224AE5901001C7D25 /* Staircase.h */ = {isa = PBXFileReference; fileEncoding = 4; lastKnownFileType = sourcecode.c.h; path = Staircase.h; sourceTree = "<group>"; };
		D8A5E7E424AE5901001C7D25 /* MinMaxSum.m */ = {isa = PBXFileReference; fileEncoding = 4; lastKnownFileType = sourcecode.c.objc; path = MinMaxSum.m; sourceTree = "<group>"; };
		D8A5E7E524AE5901001C7D25 /* MinMaxSum.h */ = {isa = PBXFileReference; fileEncoding = 4; lastKnownFileType = sourcecode.c.h; path = MinMaxSum.h; sourceTree = "<group>"; };
		D8A5E7EF24AE5914001C7D25 /* StaircaseTests.m */ = {isa = PBXFileReference; fileEncoding = 4; lastKnownFileType = sourcecode.c.objc; path = StaircaseTests.m; sourceTree = "<group>"; };
		D8A5E7F024AE5914001C7D25 /* MinMaxSumTests.m */ = {isa = PBXFileReference; fileEncoding = 4; lastKnownFileType = sourcecode.c.objc; path = MinMaxSumTests.m; sourceTree = "<group>"; };
		D8A5E7F124AE5914001C7D25 /* TimeConversionTests.m */ = {isa = PBXFileReference; fileEncoding = 4; lastKnownFileType = sourcecode.c.objc; path = TimeConversionTests.m; sourceTree = "<group>"; };
		D8A5E7F224AE5914001C7D25 /* BirthdayCakeCandlesTests.m */ = {isa = PBXFileReference; fileEncoding = 4; lastKnownFileType = sourcecode.c.objc; path = BirthdayCakeCandlesTests.m; sourceTree = "<group>"; };
		D8A5E7FD24AE5B80001C7D25 /* TeamFormationTests.m */ = {isa = PBXFileReference; lastKnownFileType = sourcecode.c.objc; path = TeamFormationTests.m; sourceTree = "<group>"; };
/* End PBXFileReference section */

/* Begin PBXFrameworksBuildPhase section */
		D8A5E7BC24AE5898001C7D25 /* Frameworks */ = {
			isa = PBXFrameworksBuildPhase;
			buildActionMask = 2147483647;
			files = (
			);
			runOnlyForDeploymentPostprocessing = 0;
		};
		D8A5E7CA24AE58AC001C7D25 /* Frameworks */ = {
			isa = PBXFrameworksBuildPhase;
			buildActionMask = 2147483647;
			files = (
			);
			runOnlyForDeploymentPostprocessing = 0;
		};
/* End PBXFrameworksBuildPhase section */

/* Begin PBXGroup section */
		D89BCF1124B2F6FD0021129D /* Implementation */ = {
			isa = PBXGroup;
			children = (
				D89BCF1224B2F8C60021129D /* CircularArrayRotation.h */,
				D89BCF1324B2F8C60021129D /* CircularArrayRotation.m */,
			);
			path = Implementation;
			sourceTree = "<group>";
		};
		D89BCF1524B2F8D50021129D /* Implementation */ = {
			isa = PBXGroup;
			children = (
				D89BCF1924B2FEF60021129D /* CircularArrayRotationTests.m */,
			);
			path = Implementation;
			sourceTree = "<group>";
		};
		D8A5E7B624AE5898001C7D25 = {
			isa = PBXGroup;
			children = (
				D8A5E7C124AE5898001C7D25 /* HackerRank */,
				D8A5E7CE24AE58AC001C7D25 /* HackerRankTests */,
				D8A5E7C024AE5898001C7D25 /* Products */,
			);
			sourceTree = "<group>";
		};
		D8A5E7C024AE5898001C7D25 /* Products */ = {
			isa = PBXGroup;
			children = (
				D8A5E7BF24AE5898001C7D25 /* HackerRank */,
				D8A5E7CD24AE58AC001C7D25 /* HackerRankTests.xctest */,
			);
			name = Products;
			sourceTree = "<group>";
		};
		D8A5E7C124AE5898001C7D25 /* HackerRank */ = {
			isa = PBXGroup;
			children = (
				D8A5E7D524AE5901001C7D25 /* Algorithms */,
				D8A5E7C224AE5898001C7D25 /* main.m */,
			);
			path = HackerRank;
			sourceTree = "<group>";
		};
		D8A5E7CE24AE58AC001C7D25 /* HackerRankTests */ = {
			isa = PBXGroup;
			children = (
				D8A5E7EB24AE5914001C7D25 /* Algorithms */,
				D8A5E7CF24AE58AC001C7D25 /* HackerRankTests.m */,
				D8A5E7D124AE58AC001C7D25 /* Info.plist */,
			);
			path = HackerRankTests;
			sourceTree = "<group>";
		};
		D8A5E7D524AE5901001C7D25 /* Algorithms */ = {
			isa = PBXGroup;
			children = (
				D89BCF1124B2F6FD0021129D /* Implementation */,
				D8A5E7D624AE5901001C7D25 /* Greedy */,
				D8A5E7D924AE5901001C7D25 /* Warmup */,
			);
			path = Algorithms;
			sourceTree = "<group>";
		};
		D8A5E7D624AE5901001C7D25 /* Greedy */ = {
			isa = PBXGroup;
			children = (
				D8A5E7D724AE5901001C7D25 /* TeamFormation.h */,
				D8A5E7D824AE5901001C7D25 /* TeamFormation.m */,
			);
			path = Greedy;
			sourceTree = "<group>";
		};
		D8A5E7D924AE5901001C7D25 /* Warmup */ = {
			isa = PBXGroup;
			children = (
				D8A5E7DA24AE5901001C7D25 /* Birthday Cake Candles  */,
				D8A5E7DD24AE5901001C7D25 /* Time Conversion */,
				D8A5E7E024AE5901001C7D25 /* Staircase */,
				D8A5E7E324AE5901001C7D25 /* Min-MaxSum */,
			);
			path = Warmup;
			sourceTree = "<group>";
		};
		D8A5E7DA24AE5901001C7D25 /* Birthday Cake Candles  */ = {
			isa = PBXGroup;
			children = (
				D8A5E7DB24AE5901001C7D25 /* BirthdayCakeCandles.m */,
				D8A5E7DC24AE5901001C7D25 /* BirthdayCakeCandles.h */,
			);
			path = "Birthday Cake Candles ";
			sourceTree = "<group>";
		};
		D8A5E7DD24AE5901001C7D25 /* Time Conversion */ = {
			isa = PBXGroup;
			children = (
				D8A5E7DE24AE5901001C7D25 /* TimeConversion.h */,
				D8A5E7DF24AE5901001C7D25 /* TimeConversion.m */,
			);
			path = "Time Conversion";
			sourceTree = "<group>";
		};
		D8A5E7E024AE5901001C7D25 /* Staircase */ = {
			isa = PBXGroup;
			children = (
				D8A5E7E124AE5901001C7D25 /* Staircase.m */,
				D8A5E7E224AE5901001C7D25 /* Staircase.h */,
			);
			path = Staircase;
			sourceTree = "<group>";
		};
		D8A5E7E324AE5901001C7D25 /* Min-MaxSum */ = {
			isa = PBXGroup;
			children = (
				D8A5E7E424AE5901001C7D25 /* MinMaxSum.m */,
				D8A5E7E524AE5901001C7D25 /* MinMaxSum.h */,
			);
			path = "Min-MaxSum";
			sourceTree = "<group>";
		};
		D8A5E7EB24AE5914001C7D25 /* Algorithms */ = {
			isa = PBXGroup;
			children = (
				D89BCF1524B2F8D50021129D /* Implementation */,
				D8A5E7EC24AE5914001C7D25 /* Greedy */,
				D8A5E7EE24AE5914001C7D25 /* Warmup */,
			);
			path = Algorithms;
			sourceTree = "<group>";
		};
		D8A5E7EC24AE5914001C7D25 /* Greedy */ = {
			isa = PBXGroup;
			children = (
				D8A5E7FD24AE5B80001C7D25 /* TeamFormationTests.m */,
			);
			path = Greedy;
			sourceTree = "<group>";
		};
		D8A5E7EE24AE5914001C7D25 /* Warmup */ = {
			isa = PBXGroup;
			children = (
				D8A5E7EF24AE5914001C7D25 /* StaircaseTests.m */,
				D8A5E7F024AE5914001C7D25 /* MinMaxSumTests.m */,
				D8A5E7F124AE5914001C7D25 /* TimeConversionTests.m */,
				D8A5E7F224AE5914001C7D25 /* BirthdayCakeCandlesTests.m */,
			);
			path = Warmup;
			sourceTree = "<group>";
		};
/* End PBXGroup section */

/* Begin PBXNativeTarget section */
		D8A5E7BE24AE5898001C7D25 /* HackerRank */ = {
			isa = PBXNativeTarget;
			buildConfigurationList = D8A5E7C624AE5898001C7D25 /* Build configuration list for PBXNativeTarget "HackerRank" */;
			buildPhases = (
				D8A5E7BB24AE5898001C7D25 /* Sources */,
				D8A5E7BC24AE5898001C7D25 /* Frameworks */,
				D8A5E7BD24AE5898001C7D25 /* CopyFiles */,
			);
			buildRules = (
			);
			dependencies = (
			);
			name = HackerRank;
			productName = HackerRank;
			productReference = D8A5E7BF24AE5898001C7D25 /* HackerRank */;
			productType = "com.apple.product-type.tool";
		};
		D8A5E7CC24AE58AC001C7D25 /* HackerRankTests */ = {
			isa = PBXNativeTarget;
			buildConfigurationList = D8A5E7D224AE58AC001C7D25 /* Build configuration list for PBXNativeTarget "HackerRankTests" */;
			buildPhases = (
				D8A5E7C924AE58AC001C7D25 /* Sources */,
				D8A5E7CA24AE58AC001C7D25 /* Frameworks */,
				D8A5E7CB24AE58AC001C7D25 /* Resources */,
			);
			buildRules = (
			);
			dependencies = (
			);
			name = HackerRankTests;
			productName = HackerRankTests;
			productReference = D8A5E7CD24AE58AC001C7D25 /* HackerRankTests.xctest */;
			productType = "com.apple.product-type.bundle.unit-test";
		};
/* End PBXNativeTarget section */

/* Begin PBXProject section */
		D8A5E7B724AE5898001C7D25 /* Project object */ = {
			isa = PBXProject;
			attributes = {
				LastUpgradeCheck = 1150;
				ORGANIZATIONNAME = "Igor Kotkovets";
				TargetAttributes = {
					D8A5E7BE24AE5898001C7D25 = {
						CreatedOnToolsVersion = 11.5;
					};
					D8A5E7CC24AE58AC001C7D25 = {
						CreatedOnToolsVersion = 11.5;
					};
				};
			};
			buildConfigurationList = D8A5E7BA24AE5898001C7D25 /* Build configuration list for PBXProject "HackerRank" */;
			compatibilityVersion = "Xcode 9.3";
			developmentRegion = en;
			hasScannedForEncodings = 0;
			knownRegions = (
				en,
				Base,
			);
			mainGroup = D8A5E7B624AE5898001C7D25;
			productRefGroup = D8A5E7C024AE5898001C7D25 /* Products */;
			projectDirPath = "";
			projectRoot = "";
			targets = (
				D8A5E7BE24AE5898001C7D25 /* HackerRank */,
				D8A5E7CC24AE58AC001C7D25 /* HackerRankTests */,
			);
		};
/* End PBXProject section */

/* Begin PBXResourcesBuildPhase section */
		D8A5E7CB24AE58AC001C7D25 /* Resources */ = {
			isa = PBXResourcesBuildPhase;
			buildActionMask = 2147483647;
			files = (
			);
			runOnlyForDeploymentPostprocessing = 0;
		};
/* End PBXResourcesBuildPhase section */

/* Begin PBXSourcesBuildPhase section */
		D8A5E7BB24AE5898001C7D25 /* Sources */ = {
			isa = PBXSourcesBuildPhase;
			buildActionMask = 2147483647;
			files = (
				D8A5E7E824AE5901001C7D25 /* TimeConversion.m in Sources */,
				D8A5E7E924AE5901001C7D25 /* Staircase.m in Sources */,
				D8A5E7E624AE5901001C7D25 /* TeamFormation.m in Sources */,
				D8A5E7EA24AE5901001C7D25 /* MinMaxSum.m in Sources */,
				D89BCF1424B2F8C60021129D /* CircularArrayRotation.m in Sources */,
				D8A5E7C324AE5898001C7D25 /* main.m in Sources */,
				D8A5E7E724AE5901001C7D25 /* BirthdayCakeCandles.m in Sources */,
			);
			runOnlyForDeploymentPostprocessing = 0;
		};
		D8A5E7C924AE58AC001C7D25 /* Sources */ = {
			isa = PBXSourcesBuildPhase;
			buildActionMask = 2147483647;
			files = (
				D8A5E7FE24AE5B80001C7D25 /* TeamFormationTests.m in Sources */,
				D8A5E7FB24AE5942001C7D25 /* MinMaxSum.m in Sources */,
				D8A5E7F424AE5914001C7D25 /* StaircaseTests.m in Sources */,
				D8A5E7F524AE5914001C7D25 /* MinMaxSumTests.m in Sources */,
				D89BCF1B24B300150021129D /* CircularArrayRotation.m in Sources */,
				D8A5E7D024AE58AC001C7D25 /* HackerRankTests.m in Sources */,
				D8A5E7FC24AE5947001C7D25 /* TeamFormation.m in Sources */,
				D8A5E7F924AE593A001C7D25 /* TimeConversion.m in Sources */,
				D8A5E7F624AE5914001C7D25 /* TimeConversionTests.m in Sources */,
				D8A5E7FA24AE593F001C7D25 /* Staircase.m in Sources */,
				D8A5E7F724AE5914001C7D25 /* BirthdayCakeCandlesTests.m in Sources */,
				D89BCF1A24B2FEF60021129D /* CircularArrayRotationTests.m in Sources */,
				D8A5E7F824AE5934001C7D25 /* BirthdayCakeCandles.m in Sources */,
			);
			runOnlyForDeploymentPostprocessing = 0;
		};
/* End PBXSourcesBuildPhase section */

/* Begin XCBuildConfiguration section */
		D8A5E7C424AE5898001C7D25 /* Debug */ = {
			isa = XCBuildConfiguration;
			buildSettings = {
				ALWAYS_SEARCH_USER_PATHS = NO;
				CLANG_ANALYZER_NONNULL = YES;
				CLANG_ANALYZER_NUMBER_OBJECT_CONVERSION = YES_AGGRESSIVE;
				CLANG_CXX_LANGUAGE_STANDARD = "gnu++14";
				CLANG_CXX_LIBRARY = "libc++";
				CLANG_ENABLE_MODULES = YES;
				CLANG_ENABLE_OBJC_ARC = YES;
				CLANG_ENABLE_OBJC_WEAK = YES;
				CLANG_WARN_BLOCK_CAPTURE_AUTORELEASING = YES;
				CLANG_WARN_BOOL_CONVERSION = YES;
				CLANG_WARN_COMMA = YES;
				CLANG_WARN_CONSTANT_CONVERSION = YES;
				CLANG_WARN_DEPRECATED_OBJC_IMPLEMENTATIONS = YES;
				CLANG_WARN_DIRECT_OBJC_ISA_USAGE = YES_ERROR;
				CLANG_WARN_DOCUMENTATION_COMMENTS = YES;
				CLANG_WARN_EMPTY_BODY = YES;
				CLANG_WARN_ENUM_CONVERSION = YES;
				CLANG_WARN_INFINITE_RECURSION = YES;
				CLANG_WARN_INT_CONVERSION = YES;
				CLANG_WARN_NON_LITERAL_NULL_CONVERSION = YES;
				CLANG_WARN_OBJC_IMPLICIT_RETAIN_SELF = YES;
				CLANG_WARN_OBJC_LITERAL_CONVERSION = YES;
				CLANG_WARN_OBJC_ROOT_CLASS = YES_ERROR;
				CLANG_WARN_RANGE_LOOP_ANALYSIS = YES;
				CLANG_WARN_STRICT_PROTOTYPES = YES;
				CLANG_WARN_SUSPICIOUS_MOVE = YES;
				CLANG_WARN_UNGUARDED_AVAILABILITY = YES_AGGRESSIVE;
				CLANG_WARN_UNREACHABLE_CODE = YES;
				CLANG_WARN__DUPLICATE_METHOD_MATCH = YES;
				COPY_PHASE_STRIP = NO;
				DEBUG_INFORMATION_FORMAT = dwarf;
				ENABLE_STRICT_OBJC_MSGSEND = YES;
				ENABLE_TESTABILITY = YES;
				GCC_C_LANGUAGE_STANDARD = gnu11;
				GCC_DYNAMIC_NO_PIC = NO;
				GCC_NO_COMMON_BLOCKS = YES;
				GCC_OPTIMIZATION_LEVEL = 0;
				GCC_PREPROCESSOR_DEFINITIONS = (
					"DEBUG=1",
					"$(inherited)",
				);
				GCC_WARN_64_TO_32_BIT_CONVERSION = YES;
				GCC_WARN_ABOUT_RETURN_TYPE = YES_ERROR;
				GCC_WARN_UNDECLARED_SELECTOR = YES;
				GCC_WARN_UNINITIALIZED_AUTOS = YES_AGGRESSIVE;
				GCC_WARN_UNUSED_FUNCTION = YES;
				GCC_WARN_UNUSED_VARIABLE = YES;
				MACOSX_DEPLOYMENT_TARGET = 10.15;
				MTL_ENABLE_DEBUG_INFO = INCLUDE_SOURCE;
				MTL_FAST_MATH = YES;
				ONLY_ACTIVE_ARCH = YES;
				SDKROOT = macosx;
			};
			name = Debug;
		};
		D8A5E7C524AE5898001C7D25 /* Release */ = {
			isa = XCBuildConfiguration;
			buildSettings = {
				ALWAYS_SEARCH_USER_PATHS = NO;
				CLANG_ANALYZER_NONNULL = YES;
				CLANG_ANALYZER_NUMBER_OBJECT_CONVERSION = YES_AGGRESSIVE;
				CLANG_CXX_LANGUAGE_STANDARD = "gnu++14";
				CLANG_CXX_LIBRARY = "libc++";
				CLANG_ENABLE_MODULES = YES;
				CLANG_ENABLE_OBJC_ARC = YES;
				CLANG_ENABLE_OBJC_WEAK = YES;
				CLANG_WARN_BLOCK_CAPTURE_AUTORELEASING = YES;
				CLANG_WARN_BOOL_CONVERSION = YES;
				CLANG_WARN_COMMA = YES;
				CLANG_WARN_CONSTANT_CONVERSION = YES;
				CLANG_WARN_DEPRECATED_OBJC_IMPLEMENTATIONS = YES;
				CLANG_WARN_DIRECT_OBJC_ISA_USAGE = YES_ERROR;
				CLANG_WARN_DOCUMENTATION_COMMENTS = YES;
				CLANG_WARN_EMPTY_BODY = YES;
				CLANG_WARN_ENUM_CONVERSION = YES;
				CLANG_WARN_INFINITE_RECURSION = YES;
				CLANG_WARN_INT_CONVERSION = YES;
				CLANG_WARN_NON_LITERAL_NULL_CONVERSION = YES;
				CLANG_WARN_OBJC_IMPLICIT_RETAIN_SELF = YES;
				CLANG_WARN_OBJC_LITERAL_CONVERSION = YES;
				CLANG_WARN_OBJC_ROOT_CLASS = YES_ERROR;
				CLANG_WARN_RANGE_LOOP_ANALYSIS = YES;
				CLANG_WARN_STRICT_PROTOTYPES = YES;
				CLANG_WARN_SUSPICIOUS_MOVE = YES;
				CLANG_WARN_UNGUARDED_AVAILABILITY = YES_AGGRESSIVE;
				CLANG_WARN_UNREACHABLE_CODE = YES;
				CLANG_WARN__DUPLICATE_METHOD_MATCH = YES;
				COPY_PHASE_STRIP = NO;
				DEBUG_INFORMATION_FORMAT = "dwarf-with-dsym";
				ENABLE_NS_ASSERTIONS = NO;
				ENABLE_STRICT_OBJC_MSGSEND = YES;
				GCC_C_LANGUAGE_STANDARD = gnu11;
				GCC_NO_COMMON_BLOCKS = YES;
				GCC_WARN_64_TO_32_BIT_CONVERSION = YES;
				GCC_WARN_ABOUT_RETURN_TYPE = YES_ERROR;
				GCC_WARN_UNDECLARED_SELECTOR = YES;
				GCC_WARN_UNINITIALIZED_AUTOS = YES_AGGRESSIVE;
				GCC_WARN_UNUSED_FUNCTION = YES;
				GCC_WARN_UNUSED_VARIABLE = YES;
				MACOSX_DEPLOYMENT_TARGET = 10.15;
				MTL_ENABLE_DEBUG_INFO = NO;
				MTL_FAST_MATH = YES;
				SDKROOT = macosx;
			};
			name = Release;
		};
		D8A5E7C724AE5898001C7D25 /* Debug */ = {
			isa = XCBuildConfiguration;
			buildSettings = {
				CODE_SIGN_STYLE = Automatic;
				DEVELOPMENT_TEAM = L454S9SQH7;
				ENABLE_HARDENED_RUNTIME = YES;
				PRODUCT_NAME = "$(TARGET_NAME)";
			};
			name = Debug;
		};
		D8A5E7C824AE5898001C7D25 /* Release */ = {
			isa = XCBuildConfiguration;
			buildSettings = {
				CODE_SIGN_STYLE = Automatic;
				DEVELOPMENT_TEAM = L454S9SQH7;
				ENABLE_HARDENED_RUNTIME = YES;
				PRODUCT_NAME = "$(TARGET_NAME)";
			};
			name = Release;
		};
		D8A5E7D324AE58AC001C7D25 /* Debug */ = {
			isa = XCBuildConfiguration;
			buildSettings = {
				CODE_SIGN_STYLE = Automatic;
				COMBINE_HIDPI_IMAGES = YES;
				DEVELOPMENT_TEAM = L454S9SQH7;
				INFOPLIST_FILE = HackerRankTests/Info.plist;
				LD_RUNPATH_SEARCH_PATHS = (
					"$(inherited)",
					"@executable_path/../Frameworks",
					"@loader_path/../Frameworks",
				);
				PRODUCT_BUNDLE_IDENTIFIER = IK.HackerRankTests;
				PRODUCT_NAME = "$(TARGET_NAME)";
			};
			name = Debug;
		};
		D8A5E7D424AE58AC001C7D25 /* Release */ = {
			isa = XCBuildConfiguration;
			buildSettings = {
				CODE_SIGN_STYLE = Automatic;
				COMBINE_HIDPI_IMAGES = YES;
				DEVELOPMENT_TEAM = L454S9SQH7;
				INFOPLIST_FILE = HackerRankTests/Info.plist;
				LD_RUNPATH_SEARCH_PATHS = (
					"$(inherited)",
					"@executable_path/../Frameworks",
					"@loader_path/../Frameworks",
				);
				PRODUCT_BUNDLE_IDENTIFIER = IK.HackerRankTests;
				PRODUCT_NAME = "$(TARGET_NAME)";
			};
			name = Release;
		};
/* End XCBuildConfiguration section */

/* Begin XCConfigurationList section */
		D8A5E7BA24AE5898001C7D25 /* Build configuration list for PBXProject "HackerRank" */ = {
			isa = XCConfigurationList;
			buildConfigurations = (
				D8A5E7C424AE5898001C7D25 /* Debug */,
				D8A5E7C524AE5898001C7D25 /* Release */,
			);
			defaultConfigurationIsVisible = 0;
			defaultConfigurationName = Release;
		};
		D8A5E7C624AE5898001C7D25 /* Build configuration list for PBXNativeTarget "HackerRank" */ = {
			isa = XCConfigurationList;
			buildConfigurations = (
				D8A5E7C724AE5898001C7D25 /* Debug */,
				D8A5E7C824AE5898001C7D25 /* Release */,
			);
			defaultConfigurationIsVisible = 0;
			defaultConfigurationName = Release;
		};
		D8A5E7D224AE58AC001C7D25 /* Build configuration list for PBXNativeTarget "HackerRankTests" */ = {
			isa = XCConfigurationList;
			buildConfigurations = (
				D8A5E7D324AE58AC001C7D25 /* Debug */,
				D8A5E7D424AE58AC001C7D25 /* Release */,
			);
			defaultConfigurationIsVisible = 0;
			defaultConfigurationName = Release;
		};
/* End XCConfigurationList section */
	};
	rootObject = D8A5E7B724AE5898001C7D25 /* Project object */;
}
